
Microsoft Visual Studio Solution File, Format Version 12.00
# Visual Studio Version 17
VisualStudioVersion = 17.3.32819.101
MinimumVisualStudioVersion = 10.0.40219.1
Project("{FAE04EC0-301F-11D3-BF4B-00C04F79EFBC}") = "RDT", "RDT\RDT.csproj", "{FE2F55DE-7ACD-4352-80D2-151C17F50E83}"
EndProject
Project("{FAE04EC0-301F-11D3-BF4B-00C04F79EFBC}") = "RDT.Tests", "RDT.Tests\RDT.Tests.csproj", "{7A7D2F7F-1813-49EF-B8B8-C933FFD5BDCA}"
EndProject
Global
	GlobalSection(SolutionConfigurationPlatforms) = preSolution
		Debug|Any CPU = Debug|Any CPU
		Release|Any CPU = Release|Any CPU
	EndGlobalSection
	GlobalSection(ProjectConfigurationPlatforms) = postSolution
		{FE2F55DE-7ACD-4352-80D2-151C17F50E83}.Debug|Any CPU.ActiveCfg = Debug|Any CPU
		{FE2F55DE-7ACD-4352-80D2-151C17F50E83}.Debug|Any CPU.Build.0 = Debug|Any CPU
		{FE2F55DE-7ACD-4352-80D2-151C17F50E83}.Release|Any CPU.ActiveCfg = Release|Any CPU
		{FE2F55DE-7ACD-4352-80D2-151C17F50E83}.Release|Any CPU.Build.0 = Release|Any CPU
		{7A7D2F7F-1813-49EF-B8B8-C933FFD5BDCA}.Debug|Any CPU.ActiveCfg = Debug|Any CPU
		{7A7D2F7F-1813-49EF-B8B8-C933FFD5BDCA}.Debug|Any CPU.Build.0 = Debug|Any CPU
		{7A7D2F7F-1813-49EF-B8B8-C933FFD5BDCA}.Release|Any CPU.ActiveCfg = Release|Any CPU
		{7A7D2F7F-1813-49EF-B8B8-C933FFD5BDCA}.Release|Any CPU.Build.0 = Release|Any CPU
	EndGlobalSection
	GlobalSection(SolutionProperties) = preSolution
		HideSolutionNode = FALSE
	EndGlobalSection
	GlobalSection(ExtensibilityGlobals) = postSolution
		SolutionGuid = {994A6AA2-CBF8-4331-8A0D-CA32B0427673}
	EndGlobalSection
EndGlobal
